
Microsoft Visual Studio Solution File, Format Version 12.00
# Visual Studio Version 17
VisualStudioVersion = 17.4.33103.184
MinimumVisualStudioVersion = 10.0.40219.1
Project("{9A19103F-16F7-4668-BE54-9A1E7A4F7556}") = "LeedsBeerQuest.Api", "LeedsBeerQuest.Api\LeedsBeerQuest.Api.csproj", "{EB6DE556-F528-456C-AB93-D2CE50ED98BC}"
EndProject
Project("{9A19103F-16F7-4668-BE54-9A1E7A4F7556}") = "LeedsBeerQuest.Tests", "LeedsBeerQuest.Tests\LeedsBeerQuest.Tests.csproj", "{5A91D99E-29B6-4FBE-A546-7F5AACC70CB3}"
EndProject
Project("{9A19103F-16F7-4668-BE54-9A1E7A4F7556}") = "LeedsBeerQuest.Tests.Specflow", "LeedsBeerQuest.Tests.Specflow\LeedsBeerQuest.Tests.Specflow.csproj", "{D2D451A2-C64A-424A-98E4-1F0CB5CD64EB}"
EndProject
Project("{9A19103F-16F7-4668-BE54-9A1E7A4F7556}") = "LeedsBeerQuest.Data.Mongo", "LeedsBeerQuest.Data.Mongo\LeedsBeerQuest.Data.Mongo.csproj", "{F1679E92-9810-4F49-93CE-6E822AA72F8D}"
EndProject
Project("{9A19103F-16F7-4668-BE54-9A1E7A4F7556}") = "LeedsBeerQuest.App", "LeedsBeerQuest.Data.InMemory\LeedsBeerQuest.App.csproj", "{959A00FC-EFA9-418C-80FF-6B4EAE82CF1B}"
EndProject
Global
	GlobalSection(SolutionConfigurationPlatforms) = preSolution
		Debug|Any CPU = Debug|Any CPU
		Release|Any CPU = Release|Any CPU
	EndGlobalSection
	GlobalSection(ProjectConfigurationPlatforms) = postSolution
		{EB6DE556-F528-456C-AB93-D2CE50ED98BC}.Debug|Any CPU.ActiveCfg = Debug|Any CPU
		{EB6DE556-F528-456C-AB93-D2CE50ED98BC}.Debug|Any CPU.Build.0 = Debug|Any CPU
		{EB6DE556-F528-456C-AB93-D2CE50ED98BC}.Release|Any CPU.ActiveCfg = Release|Any CPU
		{EB6DE556-F528-456C-AB93-D2CE50ED98BC}.Release|Any CPU.Build.0 = Release|Any CPU
		{5A91D99E-29B6-4FBE-A546-7F5AACC70CB3}.Debug|Any CPU.ActiveCfg = Debug|Any CPU
		{5A91D99E-29B6-4FBE-A546-7F5AACC70CB3}.Debug|Any CPU.Build.0 = Debug|Any CPU
		{5A91D99E-29B6-4FBE-A546-7F5AACC70CB3}.Release|Any CPU.ActiveCfg = Release|Any CPU
		{5A91D99E-29B6-4FBE-A546-7F5AACC70CB3}.Release|Any CPU.Build.0 = Release|Any CPU
		{D2D451A2-C64A-424A-98E4-1F0CB5CD64EB}.Debug|Any CPU.ActiveCfg = Debug|Any CPU
		{D2D451A2-C64A-424A-98E4-1F0CB5CD64EB}.Debug|Any CPU.Build.0 = Debug|Any CPU
		{D2D451A2-C64A-424A-98E4-1F0CB5CD64EB}.Release|Any CPU.ActiveCfg = Release|Any CPU
		{D2D451A2-C64A-424A-98E4-1F0CB5CD64EB}.Release|Any CPU.Build.0 = Release|Any CPU
		{F1679E92-9810-4F49-93CE-6E822AA72F8D}.Debug|Any CPU.ActiveCfg = Debug|Any CPU
		{F1679E92-9810-4F49-93CE-6E822AA72F8D}.Debug|Any CPU.Build.0 = Debug|Any CPU
		{F1679E92-9810-4F49-93CE-6E822AA72F8D}.Release|Any CPU.ActiveCfg = Release|Any CPU
		{F1679E92-9810-4F49-93CE-6E822AA72F8D}.Release|Any CPU.Build.0 = Release|Any CPU
		{959A00FC-EFA9-418C-80FF-6B4EAE82CF1B}.Debug|Any CPU.ActiveCfg = Debug|Any CPU
		{959A00FC-EFA9-418C-80FF-6B4EAE82CF1B}.Debug|Any CPU.Build.0 = Debug|Any CPU
		{959A00FC-EFA9-418C-80FF-6B4EAE82CF1B}.Release|Any CPU.ActiveCfg = Release|Any CPU
		{959A00FC-EFA9-418C-80FF-6B4EAE82CF1B}.Release|Any CPU.Build.0 = Release|Any CPU
	EndGlobalSection
	GlobalSection(SolutionProperties) = preSolution
		HideSolutionNode = FALSE
	EndGlobalSection
	GlobalSection(ExtensibilityGlobals) = postSolution
		SolutionGuid = {97E2EA0B-BE38-4CFC-AE73-50D88162A213}
	EndGlobalSection
EndGlobal
